
Microsoft Visual Studio Solution File, Format Version 12.00
# Visual Studio Version 17
VisualStudioVersion = 17.0.31912.275
MinimumVisualStudioVersion = 10.0.40219.1
Project("{FAE04EC0-301F-11D3-BF4B-00C04F79EFBC}") = "Demo_is_and_as_operator", "Demo_is_and_as_operator\Demo_is_and_as_operator.csproj", "{89184246-45E8-4EDA-A22B-601AFFB45314}"
EndProject
Global
	GlobalSection(SolutionConfigurationPlatforms) = preSolution
		Debug|Any CPU = Debug|Any CPU
		Release|Any CPU = Release|Any CPU
	EndGlobalSection
	GlobalSection(ProjectConfigurationPlatforms) = postSolution
		{89184246-45E8-4EDA-A22B-601AFFB45314}.Debug|Any CPU.ActiveCfg = Debug|Any CPU
		{89184246-45E8-4EDA-A22B-601AFFB45314}.Debug|Any CPU.Build.0 = Debug|Any CPU
		{89184246-45E8-4EDA-A22B-601AFFB45314}.Release|Any CPU.ActiveCfg = Release|Any CPU
		{89184246-45E8-4EDA-A22B-601AFFB45314}.Release|Any CPU.Build.0 = Release|Any CPU
	EndGlobalSection
	GlobalSection(SolutionProperties) = preSolution
		HideSolutionNode = FALSE
	EndGlobalSection
	GlobalSection(ExtensibilityGlobals) = postSolution
		SolutionGuid = {4F73C4AE-1EC8-4397-B5C4-30D9248A1F28}
	EndGlobalSection
EndGlobal
