
Microsoft Visual Studio Solution File, Format Version 12.00
# Visual Studio Version 17
VisualStudioVersion = 17.0.31912.275
MinimumVisualStudioVersion = 10.0.40219.1
Project("{FAE04EC0-301F-11D3-BF4B-00C04F79EFBC}") = "GenericArraylist", "GenericArraylist\GenericArraylist.csproj", "{97A9F4BA-99AC-4E0E-AE0A-B2A049530ACE}"
EndProject
Global
	GlobalSection(SolutionConfigurationPlatforms) = preSolution
		Debug|Any CPU = Debug|Any CPU
		Release|Any CPU = Release|Any CPU
	EndGlobalSection
	GlobalSection(ProjectConfigurationPlatforms) = postSolution
		{97A9F4BA-99AC-4E0E-AE0A-B2A049530ACE}.Debug|Any CPU.ActiveCfg = Debug|Any CPU
		{97A9F4BA-99AC-4E0E-AE0A-B2A049530ACE}.Debug|Any CPU.Build.0 = Debug|Any CPU
		{97A9F4BA-99AC-4E0E-AE0A-B2A049530ACE}.Release|Any CPU.ActiveCfg = Release|Any CPU
		{97A9F4BA-99AC-4E0E-AE0A-B2A049530ACE}.Release|Any CPU.Build.0 = Release|Any CPU
	EndGlobalSection
	GlobalSection(SolutionProperties) = preSolution
		HideSolutionNode = FALSE
	EndGlobalSection
	GlobalSection(ExtensibilityGlobals) = postSolution
		SolutionGuid = {75255257-70B5-403A-80BB-83DF3D12C2F9}
	EndGlobalSection
EndGlobal
