
Microsoft Visual Studio Solution File, Format Version 12.00
# Visual Studio Version 17
VisualStudioVersion = 17.0.32002.185
MinimumVisualStudioVersion = 10.0.40219.1
Project("{FAE04EC0-301F-11D3-BF4B-00C04F79EFBC}") = "EF_Demo", "EF_Demo\EF_Demo.csproj", "{7FCA4706-C40A-4DE4-AFDB-FC449F4A612F}"
EndProject
Global
	GlobalSection(SolutionConfigurationPlatforms) = preSolution
		Debug|Any CPU = Debug|Any CPU
		Release|Any CPU = Release|Any CPU
	EndGlobalSection
	GlobalSection(ProjectConfigurationPlatforms) = postSolution
		{7FCA4706-C40A-4DE4-AFDB-FC449F4A612F}.Debug|Any CPU.ActiveCfg = Debug|Any CPU
		{7FCA4706-C40A-4DE4-AFDB-FC449F4A612F}.Debug|Any CPU.Build.0 = Debug|Any CPU
		{7FCA4706-C40A-4DE4-AFDB-FC449F4A612F}.Release|Any CPU.ActiveCfg = Release|Any CPU
		{7FCA4706-C40A-4DE4-AFDB-FC449F4A612F}.Release|Any CPU.Build.0 = Release|Any CPU
	EndGlobalSection
	GlobalSection(SolutionProperties) = preSolution
		HideSolutionNode = FALSE
	EndGlobalSection
	GlobalSection(ExtensibilityGlobals) = postSolution
		SolutionGuid = {54AC2653-F042-4B1A-9BBE-1138628D6A66}
	EndGlobalSection
EndGlobal
