
Microsoft Visual Studio Solution File, Format Version 12.00
# Visual Studio Version 17
VisualStudioVersion = 17.0.31912.275
MinimumVisualStudioVersion = 10.0.40219.1
Project("{FAE04EC0-301F-11D3-BF4B-00C04F79EFBC}") = "Async_await", "Async_await\Async_await.csproj", "{1D70A906-ABCE-43F9-B00D-7ACF0ADC5003}"
EndProject
Global
	GlobalSection(SolutionConfigurationPlatforms) = preSolution
		Debug|Any CPU = Debug|Any CPU
		Release|Any CPU = Release|Any CPU
	EndGlobalSection
	GlobalSection(ProjectConfigurationPlatforms) = postSolution
		{1D70A906-ABCE-43F9-B00D-7ACF0ADC5003}.Debug|Any CPU.ActiveCfg = Debug|Any CPU
		{1D70A906-ABCE-43F9-B00D-7ACF0ADC5003}.Debug|Any CPU.Build.0 = Debug|Any CPU
		{1D70A906-ABCE-43F9-B00D-7ACF0ADC5003}.Release|Any CPU.ActiveCfg = Release|Any CPU
		{1D70A906-ABCE-43F9-B00D-7ACF0ADC5003}.Release|Any CPU.Build.0 = Release|Any CPU
	EndGlobalSection
	GlobalSection(SolutionProperties) = preSolution
		HideSolutionNode = FALSE
	EndGlobalSection
	GlobalSection(ExtensibilityGlobals) = postSolution
		SolutionGuid = {04F83FD9-1B08-494E-B08A-874D3AF54CA3}
	EndGlobalSection
EndGlobal
