
Microsoft Visual Studio Solution File, Format Version 12.00
# Visual Studio Version 17
VisualStudioVersion = 17.0.31912.275
MinimumVisualStudioVersion = 10.0.40219.1
Project("{FAE04EC0-301F-11D3-BF4B-00C04F79EFBC}") = "Text_To_Speech", "Text_To_Speech\Text_To_Speech.csproj", "{43852C2F-26CE-497D-A219-399827713458}"
EndProject
Global
	GlobalSection(SolutionConfigurationPlatforms) = preSolution
		Debug|Any CPU = Debug|Any CPU
		Release|Any CPU = Release|Any CPU
	EndGlobalSection
	GlobalSection(ProjectConfigurationPlatforms) = postSolution
		{43852C2F-26CE-497D-A219-399827713458}.Debug|Any CPU.ActiveCfg = Debug|Any CPU
		{43852C2F-26CE-497D-A219-399827713458}.Debug|Any CPU.Build.0 = Debug|Any CPU
		{43852C2F-26CE-497D-A219-399827713458}.Release|Any CPU.ActiveCfg = Release|Any CPU
		{43852C2F-26CE-497D-A219-399827713458}.Release|Any CPU.Build.0 = Release|Any CPU
	EndGlobalSection
	GlobalSection(SolutionProperties) = preSolution
		HideSolutionNode = FALSE
	EndGlobalSection
	GlobalSection(ExtensibilityGlobals) = postSolution
		SolutionGuid = {5C4251E5-3DB5-44AF-B86E-4BCBF1A981A6}
	EndGlobalSection
EndGlobal
