
Microsoft Visual Studio Solution File, Format Version 12.00
# Visual Studio Version 17
VisualStudioVersion = 17.0.31912.275
MinimumVisualStudioVersion = 10.0.40219.1
Project("{FAE04EC0-301F-11D3-BF4B-00C04F79EFBC}") = "Method_overloading", "Method_overloading\Method_overloading.csproj", "{F3022490-A012-406E-ADE1-D6400BE148B0}"
EndProject
Global
	GlobalSection(SolutionConfigurationPlatforms) = preSolution
		Debug|Any CPU = Debug|Any CPU
		Release|Any CPU = Release|Any CPU
	EndGlobalSection
	GlobalSection(ProjectConfigurationPlatforms) = postSolution
		{F3022490-A012-406E-ADE1-D6400BE148B0}.Debug|Any CPU.ActiveCfg = Debug|Any CPU
		{F3022490-A012-406E-ADE1-D6400BE148B0}.Debug|Any CPU.Build.0 = Debug|Any CPU
		{F3022490-A012-406E-ADE1-D6400BE148B0}.Release|Any CPU.ActiveCfg = Release|Any CPU
		{F3022490-A012-406E-ADE1-D6400BE148B0}.Release|Any CPU.Build.0 = Release|Any CPU
	EndGlobalSection
	GlobalSection(SolutionProperties) = preSolution
		HideSolutionNode = FALSE
	EndGlobalSection
	GlobalSection(ExtensibilityGlobals) = postSolution
		SolutionGuid = {39F9FBCE-8E45-4191-B92C-D4C6EB11EBD3}
	EndGlobalSection
EndGlobal
