
Microsoft Visual Studio Solution File, Format Version 12.00
# Visual Studio Version 17
VisualStudioVersion = 17.0.31912.275
MinimumVisualStudioVersion = 10.0.40219.1
Project("{FAE04EC0-301F-11D3-BF4B-00C04F79EFBC}") = "Q1Q2_Read_and_Write_Op_XMLSerialization", "Q1Q2_Read_and_Write_Op_XMLSerialization\Q1Q2_Read_and_Write_Op_XMLSerialization.csproj", "{37323515-C316-40F8-9C8D-4D1D17B020B9}"
EndProject
Global
	GlobalSection(SolutionConfigurationPlatforms) = preSolution
		Debug|Any CPU = Debug|Any CPU
		Release|Any CPU = Release|Any CPU
	EndGlobalSection
	GlobalSection(ProjectConfigurationPlatforms) = postSolution
		{37323515-C316-40F8-9C8D-4D1D17B020B9}.Debug|Any CPU.ActiveCfg = Debug|Any CPU
		{37323515-C316-40F8-9C8D-4D1D17B020B9}.Debug|Any CPU.Build.0 = Debug|Any CPU
		{37323515-C316-40F8-9C8D-4D1D17B020B9}.Release|Any CPU.ActiveCfg = Release|Any CPU
		{37323515-C316-40F8-9C8D-4D1D17B020B9}.Release|Any CPU.Build.0 = Release|Any CPU
	EndGlobalSection
	GlobalSection(SolutionProperties) = preSolution
		HideSolutionNode = FALSE
	EndGlobalSection
	GlobalSection(ExtensibilityGlobals) = postSolution
		SolutionGuid = {32A4B2F5-6350-4CDB-A725-16A8A5E01410}
	EndGlobalSection
EndGlobal
