
Microsoft Visual Studio Solution File, Format Version 12.00
# Visual Studio Version 17
VisualStudioVersion = 17.0.31912.275
MinimumVisualStudioVersion = 10.0.40219.1
Project("{FAE04EC0-301F-11D3-BF4B-00C04F79EFBC}") = "SortedList_nonGeneric", "SortedList_nonGeneric\SortedList_nonGeneric.csproj", "{3679E6F5-501F-4B7A-A0AA-19997704C794}"
EndProject
Global
	GlobalSection(SolutionConfigurationPlatforms) = preSolution
		Debug|Any CPU = Debug|Any CPU
		Release|Any CPU = Release|Any CPU
	EndGlobalSection
	GlobalSection(ProjectConfigurationPlatforms) = postSolution
		{3679E6F5-501F-4B7A-A0AA-19997704C794}.Debug|Any CPU.ActiveCfg = Debug|Any CPU
		{3679E6F5-501F-4B7A-A0AA-19997704C794}.Debug|Any CPU.Build.0 = Debug|Any CPU
		{3679E6F5-501F-4B7A-A0AA-19997704C794}.Release|Any CPU.ActiveCfg = Release|Any CPU
		{3679E6F5-501F-4B7A-A0AA-19997704C794}.Release|Any CPU.Build.0 = Release|Any CPU
	EndGlobalSection
	GlobalSection(SolutionProperties) = preSolution
		HideSolutionNode = FALSE
	EndGlobalSection
	GlobalSection(ExtensibilityGlobals) = postSolution
		SolutionGuid = {683B42FC-A86A-425F-AEDB-CF59BD09FCF5}
	EndGlobalSection
EndGlobal
