
Microsoft Visual Studio Solution File, Format Version 12.00
# Visual Studio Version 17
VisualStudioVersion = 17.0.32002.185
MinimumVisualStudioVersion = 10.0.40219.1
Project("{FAE04EC0-301F-11D3-BF4B-00C04F79EFBC}") = "Demo_join_LINQ", "Demo_join_LINQ\Demo_join_LINQ.csproj", "{DC18F70A-62FA-43EA-B5AB-CE4C131618BE}"
EndProject
Global
	GlobalSection(SolutionConfigurationPlatforms) = preSolution
		Debug|Any CPU = Debug|Any CPU
		Release|Any CPU = Release|Any CPU
	EndGlobalSection
	GlobalSection(ProjectConfigurationPlatforms) = postSolution
		{DC18F70A-62FA-43EA-B5AB-CE4C131618BE}.Debug|Any CPU.ActiveCfg = Debug|Any CPU
		{DC18F70A-62FA-43EA-B5AB-CE4C131618BE}.Debug|Any CPU.Build.0 = Debug|Any CPU
		{DC18F70A-62FA-43EA-B5AB-CE4C131618BE}.Release|Any CPU.ActiveCfg = Release|Any CPU
		{DC18F70A-62FA-43EA-B5AB-CE4C131618BE}.Release|Any CPU.Build.0 = Release|Any CPU
	EndGlobalSection
	GlobalSection(SolutionProperties) = preSolution
		HideSolutionNode = FALSE
	EndGlobalSection
	GlobalSection(ExtensibilityGlobals) = postSolution
		SolutionGuid = {BC37151A-3787-4E7E-879B-33380865A80D}
	EndGlobalSection
EndGlobal
