
Microsoft Visual Studio Solution File, Format Version 12.00
# Visual Studio Version 17
VisualStudioVersion = 17.0.31912.275
MinimumVisualStudioVersion = 10.0.40219.1
Project("{FAE04EC0-301F-11D3-BF4B-00C04F79EFBC}") = "CultureInfoDateTime", "CultureInfoDateTime\CultureInfoDateTime.csproj", "{379AF6E9-B354-425B-B5E7-D3123B682EE2}"
EndProject
Global
	GlobalSection(SolutionConfigurationPlatforms) = preSolution
		Debug|Any CPU = Debug|Any CPU
		Release|Any CPU = Release|Any CPU
	EndGlobalSection
	GlobalSection(ProjectConfigurationPlatforms) = postSolution
		{379AF6E9-B354-425B-B5E7-D3123B682EE2}.Debug|Any CPU.ActiveCfg = Debug|Any CPU
		{379AF6E9-B354-425B-B5E7-D3123B682EE2}.Debug|Any CPU.Build.0 = Debug|Any CPU
		{379AF6E9-B354-425B-B5E7-D3123B682EE2}.Release|Any CPU.ActiveCfg = Release|Any CPU
		{379AF6E9-B354-425B-B5E7-D3123B682EE2}.Release|Any CPU.Build.0 = Release|Any CPU
	EndGlobalSection
	GlobalSection(SolutionProperties) = preSolution
		HideSolutionNode = FALSE
	EndGlobalSection
	GlobalSection(ExtensibilityGlobals) = postSolution
		SolutionGuid = {7CED9754-A1D0-4C70-9938-B8117C0912BD}
	EndGlobalSection
EndGlobal
