
Microsoft Visual Studio Solution File, Format Version 12.00
# Visual Studio Version 17
VisualStudioVersion = 17.0.31912.275
MinimumVisualStudioVersion = 10.0.40219.1
Project("{FAE04EC0-301F-11D3-BF4B-00C04F79EFBC}") = "Demo_Employee_details", "Demo_Employee_details\Demo_Employee_details.csproj", "{630529AB-40E6-40E9-8424-2A7C81F98B81}"
EndProject
Global
	GlobalSection(SolutionConfigurationPlatforms) = preSolution
		Debug|Any CPU = Debug|Any CPU
		Release|Any CPU = Release|Any CPU
	EndGlobalSection
	GlobalSection(ProjectConfigurationPlatforms) = postSolution
		{630529AB-40E6-40E9-8424-2A7C81F98B81}.Debug|Any CPU.ActiveCfg = Debug|Any CPU
		{630529AB-40E6-40E9-8424-2A7C81F98B81}.Debug|Any CPU.Build.0 = Debug|Any CPU
		{630529AB-40E6-40E9-8424-2A7C81F98B81}.Release|Any CPU.ActiveCfg = Release|Any CPU
		{630529AB-40E6-40E9-8424-2A7C81F98B81}.Release|Any CPU.Build.0 = Release|Any CPU
	EndGlobalSection
	GlobalSection(SolutionProperties) = preSolution
		HideSolutionNode = FALSE
	EndGlobalSection
	GlobalSection(ExtensibilityGlobals) = postSolution
		SolutionGuid = {A6710BD1-8FC7-4ABA-9E65-E8102278CEDE}
	EndGlobalSection
EndGlobal
