
Microsoft Visual Studio Solution File, Format Version 12.00
# Visual Studio Version 17
VisualStudioVersion = 17.0.31912.275
MinimumVisualStudioVersion = 10.0.40219.1
Project("{FAE04EC0-301F-11D3-BF4B-00C04F79EFBC}") = "Demo_Delegate", "Demo_Delegate\Demo_Delegate.csproj", "{BE744B0A-C490-49E6-AE5D-9E324EAB1ACB}"
EndProject
Global
	GlobalSection(SolutionConfigurationPlatforms) = preSolution
		Debug|Any CPU = Debug|Any CPU
		Release|Any CPU = Release|Any CPU
	EndGlobalSection
	GlobalSection(ProjectConfigurationPlatforms) = postSolution
		{BE744B0A-C490-49E6-AE5D-9E324EAB1ACB}.Debug|Any CPU.ActiveCfg = Debug|Any CPU
		{BE744B0A-C490-49E6-AE5D-9E324EAB1ACB}.Debug|Any CPU.Build.0 = Debug|Any CPU
		{BE744B0A-C490-49E6-AE5D-9E324EAB1ACB}.Release|Any CPU.ActiveCfg = Release|Any CPU
		{BE744B0A-C490-49E6-AE5D-9E324EAB1ACB}.Release|Any CPU.Build.0 = Release|Any CPU
	EndGlobalSection
	GlobalSection(SolutionProperties) = preSolution
		HideSolutionNode = FALSE
	EndGlobalSection
	GlobalSection(ExtensibilityGlobals) = postSolution
		SolutionGuid = {02440231-4C3A-42BB-A00D-DCFC1CFA3CC3}
	EndGlobalSection
EndGlobal
