
Microsoft Visual Studio Solution File, Format Version 12.00
# Visual Studio Version 17
VisualStudioVersion = 17.0.31912.275
MinimumVisualStudioVersion = 10.0.40219.1
Project("{FAE04EC0-301F-11D3-BF4B-00C04F79EFBC}") = "demo_on_dll", "demo_on_dll\demo_on_dll.csproj", "{B9E891A9-6E8C-4D12-97F7-30487C502760}"
EndProject
Project("{FAE04EC0-301F-11D3-BF4B-00C04F79EFBC}") = "MathLibrary", "MathLibrary\MathLibrary.csproj", "{554E3163-D79F-46A2-A950-834796763813}"
EndProject
Global
	GlobalSection(SolutionConfigurationPlatforms) = preSolution
		Debug|Any CPU = Debug|Any CPU
		Release|Any CPU = Release|Any CPU
	EndGlobalSection
	GlobalSection(ProjectConfigurationPlatforms) = postSolution
		{B9E891A9-6E8C-4D12-97F7-30487C502760}.Debug|Any CPU.ActiveCfg = Debug|Any CPU
		{B9E891A9-6E8C-4D12-97F7-30487C502760}.Debug|Any CPU.Build.0 = Debug|Any CPU
		{B9E891A9-6E8C-4D12-97F7-30487C502760}.Release|Any CPU.ActiveCfg = Release|Any CPU
		{B9E891A9-6E8C-4D12-97F7-30487C502760}.Release|Any CPU.Build.0 = Release|Any CPU
		{554E3163-D79F-46A2-A950-834796763813}.Debug|Any CPU.ActiveCfg = Debug|Any CPU
		{554E3163-D79F-46A2-A950-834796763813}.Debug|Any CPU.Build.0 = Debug|Any CPU
		{554E3163-D79F-46A2-A950-834796763813}.Release|Any CPU.ActiveCfg = Release|Any CPU
		{554E3163-D79F-46A2-A950-834796763813}.Release|Any CPU.Build.0 = Release|Any CPU
	EndGlobalSection
	GlobalSection(SolutionProperties) = preSolution
		HideSolutionNode = FALSE
	EndGlobalSection
	GlobalSection(ExtensibilityGlobals) = postSolution
		SolutionGuid = {5EBB3810-E88D-4D5A-9118-7045592B048A}
	EndGlobalSection
EndGlobal
