
Microsoft Visual Studio Solution File, Format Version 12.00
# Visual Studio Version 17
VisualStudioVersion = 17.0.31912.275
MinimumVisualStudioVersion = 10.0.40219.1
Project("{FAE04EC0-301F-11D3-BF4B-00C04F79EFBC}") = "Demo_String_Format", "Demo_String_Format\Demo_String_Format.csproj", "{A91C8962-410B-4AB1-8C6D-331BCDA996F1}"
EndProject
Global
	GlobalSection(SolutionConfigurationPlatforms) = preSolution
		Debug|Any CPU = Debug|Any CPU
		Release|Any CPU = Release|Any CPU
	EndGlobalSection
	GlobalSection(ProjectConfigurationPlatforms) = postSolution
		{A91C8962-410B-4AB1-8C6D-331BCDA996F1}.Debug|Any CPU.ActiveCfg = Debug|Any CPU
		{A91C8962-410B-4AB1-8C6D-331BCDA996F1}.Debug|Any CPU.Build.0 = Debug|Any CPU
		{A91C8962-410B-4AB1-8C6D-331BCDA996F1}.Release|Any CPU.ActiveCfg = Release|Any CPU
		{A91C8962-410B-4AB1-8C6D-331BCDA996F1}.Release|Any CPU.Build.0 = Release|Any CPU
	EndGlobalSection
	GlobalSection(SolutionProperties) = preSolution
		HideSolutionNode = FALSE
	EndGlobalSection
	GlobalSection(ExtensibilityGlobals) = postSolution
		SolutionGuid = {5C9D8120-B3CD-4796-ACA2-499550940FF2}
	EndGlobalSection
EndGlobal
