
Microsoft Visual Studio Solution File, Format Version 12.00
# Visual Studio Version 17
VisualStudioVersion = 17.0.32002.185
MinimumVisualStudioVersion = 10.0.40219.1
Project("{FAE04EC0-301F-11D3-BF4B-00C04F79EFBC}") = "WebApi_Demo_core", "WebApi_Demo_core\WebApi_Demo_core.csproj", "{83117F3D-DF46-4251-8D42-EB85D6703CF3}"
EndProject
Global
	GlobalSection(SolutionConfigurationPlatforms) = preSolution
		Debug|Any CPU = Debug|Any CPU
		Release|Any CPU = Release|Any CPU
	EndGlobalSection
	GlobalSection(ProjectConfigurationPlatforms) = postSolution
		{83117F3D-DF46-4251-8D42-EB85D6703CF3}.Debug|Any CPU.ActiveCfg = Debug|Any CPU
		{83117F3D-DF46-4251-8D42-EB85D6703CF3}.Debug|Any CPU.Build.0 = Debug|Any CPU
		{83117F3D-DF46-4251-8D42-EB85D6703CF3}.Release|Any CPU.ActiveCfg = Release|Any CPU
		{83117F3D-DF46-4251-8D42-EB85D6703CF3}.Release|Any CPU.Build.0 = Release|Any CPU
	EndGlobalSection
	GlobalSection(SolutionProperties) = preSolution
		HideSolutionNode = FALSE
	EndGlobalSection
	GlobalSection(ExtensibilityGlobals) = postSolution
		SolutionGuid = {75A854A2-A0E3-425C-B33B-992ECB0142D7}
	EndGlobalSection
EndGlobal
