
Microsoft Visual Studio Solution File, Format Version 12.00
# Visual Studio Version 17
VisualStudioVersion = 17.0.31912.275
MinimumVisualStudioVersion = 10.0.40219.1
Project("{FAE04EC0-301F-11D3-BF4B-00C04F79EFBC}") = "DemoArray", "DemoArray\DemoArray.csproj", "{1D37C1D4-17F4-42E8-81E0-68DC20C698C6}"
EndProject
Global
	GlobalSection(SolutionConfigurationPlatforms) = preSolution
		Debug|Any CPU = Debug|Any CPU
		Release|Any CPU = Release|Any CPU
	EndGlobalSection
	GlobalSection(ProjectConfigurationPlatforms) = postSolution
		{1D37C1D4-17F4-42E8-81E0-68DC20C698C6}.Debug|Any CPU.ActiveCfg = Debug|Any CPU
		{1D37C1D4-17F4-42E8-81E0-68DC20C698C6}.Debug|Any CPU.Build.0 = Debug|Any CPU
		{1D37C1D4-17F4-42E8-81E0-68DC20C698C6}.Release|Any CPU.ActiveCfg = Release|Any CPU
		{1D37C1D4-17F4-42E8-81E0-68DC20C698C6}.Release|Any CPU.Build.0 = Release|Any CPU
	EndGlobalSection
	GlobalSection(SolutionProperties) = preSolution
		HideSolutionNode = FALSE
	EndGlobalSection
	GlobalSection(ExtensibilityGlobals) = postSolution
		SolutionGuid = {5789A7E2-4DA4-4313-B1CD-2429C7A89307}
	EndGlobalSection
EndGlobal
