
Microsoft Visual Studio Solution File, Format Version 12.00
# Visual Studio Version 17
VisualStudioVersion = 17.0.31912.275
MinimumVisualStudioVersion = 10.0.40219.1
Project("{FAE04EC0-301F-11D3-BF4B-00C04F79EFBC}") = "AreaOfCircle_and_Rectangle", "AreaOfCircle_and_Rectangle\AreaOfCircle_and_Rectangle.csproj", "{C6F8359E-B49D-4D0C-829E-BA7F0EC05545}"
EndProject
Global
	GlobalSection(SolutionConfigurationPlatforms) = preSolution
		Debug|Any CPU = Debug|Any CPU
		Release|Any CPU = Release|Any CPU
	EndGlobalSection
	GlobalSection(ProjectConfigurationPlatforms) = postSolution
		{C6F8359E-B49D-4D0C-829E-BA7F0EC05545}.Debug|Any CPU.ActiveCfg = Debug|Any CPU
		{C6F8359E-B49D-4D0C-829E-BA7F0EC05545}.Debug|Any CPU.Build.0 = Debug|Any CPU
		{C6F8359E-B49D-4D0C-829E-BA7F0EC05545}.Release|Any CPU.ActiveCfg = Release|Any CPU
		{C6F8359E-B49D-4D0C-829E-BA7F0EC05545}.Release|Any CPU.Build.0 = Release|Any CPU
	EndGlobalSection
	GlobalSection(SolutionProperties) = preSolution
		HideSolutionNode = FALSE
	EndGlobalSection
	GlobalSection(ExtensibilityGlobals) = postSolution
		SolutionGuid = {03C09D0F-4360-42F0-A6AE-D7D1DD461795}
	EndGlobalSection
EndGlobal
