
Microsoft Visual Studio Solution File, Format Version 12.00
# Visual Studio Version 17
VisualStudioVersion = 17.0.31912.275
MinimumVisualStudioVersion = 10.0.40219.1
Project("{FAE04EC0-301F-11D3-BF4B-00C04F79EFBC}") = "Student", "Student\Student.csproj", "{89BC94C8-D4DA-4C84-9079-E053535628FA}"
EndProject
Global
	GlobalSection(SolutionConfigurationPlatforms) = preSolution
		Debug|Any CPU = Debug|Any CPU
		Release|Any CPU = Release|Any CPU
	EndGlobalSection
	GlobalSection(ProjectConfigurationPlatforms) = postSolution
		{89BC94C8-D4DA-4C84-9079-E053535628FA}.Debug|Any CPU.ActiveCfg = Debug|Any CPU
		{89BC94C8-D4DA-4C84-9079-E053535628FA}.Debug|Any CPU.Build.0 = Debug|Any CPU
		{89BC94C8-D4DA-4C84-9079-E053535628FA}.Release|Any CPU.ActiveCfg = Release|Any CPU
		{89BC94C8-D4DA-4C84-9079-E053535628FA}.Release|Any CPU.Build.0 = Release|Any CPU
	EndGlobalSection
	GlobalSection(SolutionProperties) = preSolution
		HideSolutionNode = FALSE
	EndGlobalSection
	GlobalSection(ExtensibilityGlobals) = postSolution
		SolutionGuid = {4D479E6A-7164-4397-BAC4-93A1EB83835D}
	EndGlobalSection
EndGlobal
