
Microsoft Visual Studio Solution File, Format Version 12.00
# Visual Studio Version 17
VisualStudioVersion = 17.0.32002.185
MinimumVisualStudioVersion = 10.0.40219.1
Project("{FAE04EC0-301F-11D3-BF4B-00C04F79EFBC}") = "Demo_RepositoryPattern", "Demo_RepositoryPattern\Demo_RepositoryPattern.csproj", "{DA965E76-D76A-4230-B842-A3C78F111693}"
EndProject
Global
	GlobalSection(SolutionConfigurationPlatforms) = preSolution
		Debug|Any CPU = Debug|Any CPU
		Release|Any CPU = Release|Any CPU
	EndGlobalSection
	GlobalSection(ProjectConfigurationPlatforms) = postSolution
		{DA965E76-D76A-4230-B842-A3C78F111693}.Debug|Any CPU.ActiveCfg = Debug|Any CPU
		{DA965E76-D76A-4230-B842-A3C78F111693}.Debug|Any CPU.Build.0 = Debug|Any CPU
		{DA965E76-D76A-4230-B842-A3C78F111693}.Release|Any CPU.ActiveCfg = Release|Any CPU
		{DA965E76-D76A-4230-B842-A3C78F111693}.Release|Any CPU.Build.0 = Release|Any CPU
	EndGlobalSection
	GlobalSection(SolutionProperties) = preSolution
		HideSolutionNode = FALSE
	EndGlobalSection
	GlobalSection(ExtensibilityGlobals) = postSolution
		SolutionGuid = {25C57362-0AB0-44BE-BC8C-32356E6D3E2B}
	EndGlobalSection
EndGlobal
