
Microsoft Visual Studio Solution File, Format Version 12.00
# Visual Studio Version 17
VisualStudioVersion = 17.0.31912.275
MinimumVisualStudioVersion = 10.0.40219.1
Project("{FAE04EC0-301F-11D3-BF4B-00C04F79EFBC}") = "Demo_MVC", "Demo_MVC\Demo_MVC.csproj", "{B9978B59-4B92-432B-B548-9EF5B3F645B4}"
EndProject
Global
	GlobalSection(SolutionConfigurationPlatforms) = preSolution
		Debug|Any CPU = Debug|Any CPU
		Release|Any CPU = Release|Any CPU
	EndGlobalSection
	GlobalSection(ProjectConfigurationPlatforms) = postSolution
		{B9978B59-4B92-432B-B548-9EF5B3F645B4}.Debug|Any CPU.ActiveCfg = Debug|Any CPU
		{B9978B59-4B92-432B-B548-9EF5B3F645B4}.Debug|Any CPU.Build.0 = Debug|Any CPU
		{B9978B59-4B92-432B-B548-9EF5B3F645B4}.Release|Any CPU.ActiveCfg = Release|Any CPU
		{B9978B59-4B92-432B-B548-9EF5B3F645B4}.Release|Any CPU.Build.0 = Release|Any CPU
	EndGlobalSection
	GlobalSection(SolutionProperties) = preSolution
		HideSolutionNode = FALSE
	EndGlobalSection
	GlobalSection(ExtensibilityGlobals) = postSolution
		SolutionGuid = {AD331B17-AF68-4888-BCCD-55A5DAC9FEA6}
	EndGlobalSection
EndGlobal
