
Microsoft Visual Studio Solution File, Format Version 12.00
# Visual Studio Version 17
VisualStudioVersion = 17.0.32002.185
MinimumVisualStudioVersion = 10.0.40219.1
Project("{FAE04EC0-301F-11D3-BF4B-00C04F79EFBC}") = "EF_Demo", "EF_Demo\EF_Demo.csproj", "{3690A1A7-E20B-4359-B90B-2E8C3D238D49}"
EndProject
Global
	GlobalSection(SolutionConfigurationPlatforms) = preSolution
		Debug|Any CPU = Debug|Any CPU
		Release|Any CPU = Release|Any CPU
	EndGlobalSection
	GlobalSection(ProjectConfigurationPlatforms) = postSolution
		{3690A1A7-E20B-4359-B90B-2E8C3D238D49}.Debug|Any CPU.ActiveCfg = Debug|Any CPU
		{3690A1A7-E20B-4359-B90B-2E8C3D238D49}.Debug|Any CPU.Build.0 = Debug|Any CPU
		{3690A1A7-E20B-4359-B90B-2E8C3D238D49}.Release|Any CPU.ActiveCfg = Release|Any CPU
		{3690A1A7-E20B-4359-B90B-2E8C3D238D49}.Release|Any CPU.Build.0 = Release|Any CPU
	EndGlobalSection
	GlobalSection(SolutionProperties) = preSolution
		HideSolutionNode = FALSE
	EndGlobalSection
	GlobalSection(ExtensibilityGlobals) = postSolution
		SolutionGuid = {CB3A2A43-3EF2-4FB8-8212-8099567876FA}
	EndGlobalSection
EndGlobal
